
Microsoft Visual Studio Solution File, Format Version 12.00
# Visual Studio Version 16
VisualStudioVersion = 16.0.30128.74
MinimumVisualStudioVersion = 10.0.40219.1
Project("{FAE04EC0-301F-11D3-BF4B-00C04F79EFBC}") = "XamarinCalculadora.Android", "XamarinCalculadora\XamarinCalculadora.Android\XamarinCalculadora.Android.csproj", "{EBE1C32A-248A-4B80-A67C-7295261C12D5}"
EndProject
Project("{FAE04EC0-301F-11D3-BF4B-00C04F79EFBC}") = "XamarinCalculadora.iOS", "XamarinCalculadora\XamarinCalculadora.iOS\XamarinCalculadora.iOS.csproj", "{388BBF15-3A61-45FA-838C-AB41A56E606B}"
EndProject
Project("{FAE04EC0-301F-11D3-BF4B-00C04F79EFBC}") = "XamarinCalculadora", "XamarinCalculadora\XamarinCalculadora\XamarinCalculadora.csproj", "{F94E3343-E723-4DE1-BFB3-6A5ED693BF44}"
EndProject
Global
	GlobalSection(SolutionConfigurationPlatforms) = preSolution
		Debug|Any CPU = Debug|Any CPU
		Debug|iPhone = Debug|iPhone
		Debug|iPhoneSimulator = Debug|iPhoneSimulator
		Release|Any CPU = Release|Any CPU
		Release|iPhone = Release|iPhone
		Release|iPhoneSimulator = Release|iPhoneSimulator
	EndGlobalSection
	GlobalSection(ProjectConfigurationPlatforms) = postSolution
		{EBE1C32A-248A-4B80-A67C-7295261C12D5}.Debug|Any CPU.ActiveCfg = Debug|Any CPU
		{EBE1C32A-248A-4B80-A67C-7295261C12D5}.Debug|Any CPU.Build.0 = Debug|Any CPU
		{EBE1C32A-248A-4B80-A67C-7295261C12D5}.Debug|Any CPU.Deploy.0 = Debug|Any CPU
		{EBE1C32A-248A-4B80-A67C-7295261C12D5}.Debug|iPhone.ActiveCfg = Debug|Any CPU
		{EBE1C32A-248A-4B80-A67C-7295261C12D5}.Debug|iPhone.Build.0 = Debug|Any CPU
		{EBE1C32A-248A-4B80-A67C-7295261C12D5}.Debug|iPhone.Deploy.0 = Debug|Any CPU
		{EBE1C32A-248A-4B80-A67C-7295261C12D5}.Debug|iPhoneSimulator.ActiveCfg = Debug|Any CPU
		{EBE1C32A-248A-4B80-A67C-7295261C12D5}.Debug|iPhoneSimulator.Build.0 = Debug|Any CPU
		{EBE1C32A-248A-4B80-A67C-7295261C12D5}.Debug|iPhoneSimulator.Deploy.0 = Debug|Any CPU
		{EBE1C32A-248A-4B80-A67C-7295261C12D5}.Release|Any CPU.ActiveCfg = Release|Any CPU
		{EBE1C32A-248A-4B80-A67C-7295261C12D5}.Release|Any CPU.Build.0 = Release|Any CPU
		{EBE1C32A-248A-4B80-A67C-7295261C12D5}.Release|Any CPU.Deploy.0 = Release|Any CPU
		{EBE1C32A-248A-4B80-A67C-7295261C12D5}.Release|iPhone.ActiveCfg = Release|Any CPU
		{EBE1C32A-248A-4B80-A67C-7295261C12D5}.Release|iPhone.Build.0 = Release|Any CPU
		{EBE1C32A-248A-4B80-A67C-7295261C12D5}.Release|iPhone.Deploy.0 = Release|Any CPU
		{EBE1C32A-248A-4B80-A67C-7295261C12D5}.Release|iPhoneSimulator.ActiveCfg = Release|Any CPU
		{EBE1C32A-248A-4B80-A67C-7295261C12D5}.Release|iPhoneSimulator.Build.0 = Release|Any CPU
		{EBE1C32A-248A-4B80-A67C-7295261C12D5}.Release|iPhoneSimulator.Deploy.0 = Release|Any CPU
		{388BBF15-3A61-45FA-838C-AB41A56E606B}.Debug|Any CPU.ActiveCfg = Debug|iPhone
		{388BBF15-3A61-45FA-838C-AB41A56E606B}.Debug|Any CPU.Build.0 = Debug|iPhone
		{388BBF15-3A61-45FA-838C-AB41A56E606B}.Debug|Any CPU.Deploy.0 = Debug|iPhone
		{388BBF15-3A61-45FA-838C-AB41A56E606B}.Debug|iPhone.ActiveCfg = Debug|iPhone
		{388BBF15-3A61-45FA-838C-AB41A56E606B}.Debug|iPhone.Build.0 = Debug|iPhone
		{388BBF15-3A61-45FA-838C-AB41A56E606B}.Debug|iPhone.Deploy.0 = Debug|iPhone
		{388BBF15-3A61-45FA-838C-AB41A56E606B}.Debug|iPhoneSimulator.ActiveCfg = Debug|iPhoneSimulator
		{388BBF15-3A61-45FA-838C-AB41A56E606B}.Debug|iPhoneSimulator.Build.0 = Debug|iPhoneSimulator
		{388BBF15-3A61-45FA-838C-AB41A56E606B}.Debug|iPhoneSimulator.Deploy.0 = Debug|iPhoneSimulator
		{388BBF15-3A61-45FA-838C-AB41A56E606B}.Release|Any CPU.ActiveCfg = Release|iPhone
		{388BBF15-3A61-45FA-838C-AB41A56E606B}.Release|Any CPU.Build.0 = Release|iPhone
		{388BBF15-3A61-45FA-838C-AB41A56E606B}.Release|Any CPU.Deploy.0 = Release|iPhone
		{388BBF15-3A61-45FA-838C-AB41A56E606B}.Release|iPhone.ActiveCfg = Release|iPhone
		{388BBF15-3A61-45FA-838C-AB41A56E606B}.Release|iPhone.Build.0 = Release|iPhone
		{388BBF15-3A61-45FA-838C-AB41A56E606B}.Release|iPhone.Deploy.0 = Release|iPhone
		{388BBF15-3A61-45FA-838C-AB41A56E606B}.Release|iPhoneSimulator.ActiveCfg = Release|iPhoneSimulator
		{388BBF15-3A61-45FA-838C-AB41A56E606B}.Release|iPhoneSimulator.Build.0 = Release|iPhoneSimulator
		{388BBF15-3A61-45FA-838C-AB41A56E606B}.Release|iPhoneSimulator.Deploy.0 = Release|iPhoneSimulator
		{F94E3343-E723-4DE1-BFB3-6A5ED693BF44}.Debug|Any CPU.ActiveCfg = Debug|Any CPU
		{F94E3343-E723-4DE1-BFB3-6A5ED693BF44}.Debug|Any CPU.Build.0 = Debug|Any CPU
		{F94E3343-E723-4DE1-BFB3-6A5ED693BF44}.Debug|Any CPU.Deploy.0 = Debug|Any CPU
		{F94E3343-E723-4DE1-BFB3-6A5ED693BF44}.Debug|iPhone.ActiveCfg = Debug|Any CPU
		{F94E3343-E723-4DE1-BFB3-6A5ED693BF44}.Debug|iPhone.Build.0 = Debug|Any CPU
		{F94E3343-E723-4DE1-BFB3-6A5ED693BF44}.Debug|iPhone.Deploy.0 = Debug|Any CPU
		{F94E3343-E723-4DE1-BFB3-6A5ED693BF44}.Debug|iPhoneSimulator.ActiveCfg = Debug|Any CPU
		{F94E3343-E723-4DE1-BFB3-6A5ED693BF44}.Debug|iPhoneSimulator.Build.0 = Debug|Any CPU
		{F94E3343-E723-4DE1-BFB3-6A5ED693BF44}.Debug|iPhoneSimulator.Deploy.0 = Debug|Any CPU
		{F94E3343-E723-4DE1-BFB3-6A5ED693BF44}.Release|Any CPU.ActiveCfg = Release|Any CPU
		{F94E3343-E723-4DE1-BFB3-6A5ED693BF44}.Release|Any CPU.Build.0 = Release|Any CPU
		{F94E3343-E723-4DE1-BFB3-6A5ED693BF44}.Release|Any CPU.Deploy.0 = Release|Any CPU
		{F94E3343-E723-4DE1-BFB3-6A5ED693BF44}.Release|iPhone.ActiveCfg = Release|Any CPU
		{F94E3343-E723-4DE1-BFB3-6A5ED693BF44}.Release|iPhone.Build.0 = Release|Any CPU
		{F94E3343-E723-4DE1-BFB3-6A5ED693BF44}.Release|iPhone.Deploy.0 = Release|Any CPU
		{F94E3343-E723-4DE1-BFB3-6A5ED693BF44}.Release|iPhoneSimulator.ActiveCfg = Release|Any CPU
		{F94E3343-E723-4DE1-BFB3-6A5ED693BF44}.Release|iPhoneSimulator.Build.0 = Release|Any CPU
		{F94E3343-E723-4DE1-BFB3-6A5ED693BF44}.Release|iPhoneSimulator.Deploy.0 = Release|Any CPU
	EndGlobalSection
	GlobalSection(SolutionProperties) = preSolution
		HideSolutionNode = FALSE
	EndGlobalSection
	GlobalSection(ExtensibilityGlobals) = postSolution
		SolutionGuid = {1DDA6040-8FFD-4872-B854-42924B054946}
	EndGlobalSection
EndGlobal
